
Microsoft Visual Studio Solution File, Format Version 12.00
# Visual Studio Version 16
VisualStudioVersion = 16.0.29709.97
MinimumVisualStudioVersion = 10.0.40219.1
Project("{FAE04EC0-301F-11D3-BF4B-00C04F79EFBC}") = "GoFDesignPattern", "GoFDesignPattern.csproj", "{0B87F138-1020-46D2-BCE0-351AA2247394}"
EndProject
Project("{2150E333-8FDC-42A3-9474-1A3956D46DE8}") = "Creational patterns", "Creational patterns", "{22C06DCE-B0AC-4DDC-8E2A-E9C2DC921E38}"
EndProject
Project("{FAE04EC0-301F-11D3-BF4B-00C04F79EFBC}") = "Abstract factory", "..\Abstract factory\Abstract factory.csproj", "{D0C9ACFD-8A50-4E32-9C8E-39E6ACDE5C0B}"
EndProject
Project("{FAE04EC0-301F-11D3-BF4B-00C04F79EFBC}") = "Builder", "..\Builder\Builder.csproj", "{10F04D43-75C1-4C2C-8A42-B24F50CCA1E2}"
EndProject
Project("{FAE04EC0-301F-11D3-BF4B-00C04F79EFBC}") = "Prototype", "..\Prototype\Prototype.csproj", "{A7207E54-3D17-45A8-9D8F-A088FBAF33E0}"
EndProject
Project("{FAE04EC0-301F-11D3-BF4B-00C04F79EFBC}") = "Singleton", "..\Singleton\Singleton.csproj", "{3D8AF3C2-D80E-4449-A376-976123419042}"
EndProject
Project("{2150E333-8FDC-42A3-9474-1A3956D46DE8}") = "Structural patterns", "Structural patterns", "{4A17BBD9-80A0-4360-BA42-EEA3298E64CC}"
EndProject
Project("{FAE04EC0-301F-11D3-BF4B-00C04F79EFBC}") = "Adapter", "..\Adapter\Adapter.csproj", "{60140C18-2B8E-413F-8D33-607CEAAE6080}"
EndProject
Project("{FAE04EC0-301F-11D3-BF4B-00C04F79EFBC}") = "Bridge", "..\Bridge\Bridge.csproj", "{894EF1F3-FF59-4B1D-912D-CBF0041A1862}"
EndProject
Project("{FAE04EC0-301F-11D3-BF4B-00C04F79EFBC}") = "Composite", "..\Composite\Composite.csproj", "{FB6475D6-7115-4AA1-A92B-CE5359EDEB26}"
EndProject
Project("{FAE04EC0-301F-11D3-BF4B-00C04F79EFBC}") = "Decorator", "..\Decorator\Decorator.csproj", "{45697AAF-42C9-4B96-817A-91B2737590B1}"
EndProject
Project("{FAE04EC0-301F-11D3-BF4B-00C04F79EFBC}") = "Facade", "..\Facade\Facade.csproj", "{98E2720E-E64E-4E57-8CA4-9D01D32260AA}"
EndProject
Project("{FAE04EC0-301F-11D3-BF4B-00C04F79EFBC}") = "Flyweight", "..\Flyweight\Flyweight.csproj", "{6498688C-34FF-49BB-8339-F13C6FFCB7CA}"
EndProject
Project("{FAE04EC0-301F-11D3-BF4B-00C04F79EFBC}") = "Proxy", "..\Proxy\Proxy.csproj", "{8ED91E8F-6D61-4C7B-B064-906111A778F6}"
EndProject
Project("{2150E333-8FDC-42A3-9474-1A3956D46DE8}") = "Behavioral patterns", "Behavioral patterns", "{2472262D-2795-4D98-AFC7-044886959523}"
EndProject
Project("{FAE04EC0-301F-11D3-BF4B-00C04F79EFBC}") = "Chain of responsibility", "..\Chain of responsibility\Chain of responsibility.csproj", "{A09DB3AD-1A5C-435D-83E3-4D53A40E7800}"
EndProject
Project("{FAE04EC0-301F-11D3-BF4B-00C04F79EFBC}") = "Command", "..\Command\Command.csproj", "{E2CBE029-789B-491A-A66A-5752E2CCB6B4}"
EndProject
Project("{FAE04EC0-301F-11D3-BF4B-00C04F79EFBC}") = "Interpreter", "..\Interpreter\Interpreter.csproj", "{B47DB031-276B-4590-AF8A-EDCE2E0CF2B9}"
EndProject
Project("{FAE04EC0-301F-11D3-BF4B-00C04F79EFBC}") = "Iterator", "..\Iterator\Iterator.csproj", "{34B81765-947F-4EDC-BD05-EC8AECDF9A1A}"
EndProject
Project("{FAE04EC0-301F-11D3-BF4B-00C04F79EFBC}") = "Mediator", "..\Mediator\Mediator.csproj", "{7D319E38-75A8-4E5F-9FA9-ECE506899BA4}"
EndProject
Project("{FAE04EC0-301F-11D3-BF4B-00C04F79EFBC}") = "Memento", "..\Memento\Memento.csproj", "{370DF671-0510-49E9-B95F-8DB61CE2E45B}"
EndProject
Project("{FAE04EC0-301F-11D3-BF4B-00C04F79EFBC}") = "Observer", "..\Observer\Observer.csproj", "{D0070502-40E2-47A2-85E6-53A642404A49}"
EndProject
Project("{FAE04EC0-301F-11D3-BF4B-00C04F79EFBC}") = "State", "..\State\State.csproj", "{B244E62B-F6B2-4F76-AE9F-5E2603D914E9}"
EndProject
Project("{FAE04EC0-301F-11D3-BF4B-00C04F79EFBC}") = "Strategy", "..\Strategy\Strategy.csproj", "{627E076D-0B5C-4D1F-BE5A-B1E836C5A639}"
EndProject
Project("{FAE04EC0-301F-11D3-BF4B-00C04F79EFBC}") = "Template method", "..\Template method\Template method.csproj", "{1E03C1D3-0EA6-4405-B6A9-A2D440668ED9}"
EndProject
Project("{FAE04EC0-301F-11D3-BF4B-00C04F79EFBC}") = "Visitor", "..\Visitor\Visitor.csproj", "{DC99414C-5E0B-4972-9B0B-E9E1F648A2E8}"
EndProject
Global
	GlobalSection(SolutionConfigurationPlatforms) = preSolution
		Debug|Any CPU = Debug|Any CPU
		Release|Any CPU = Release|Any CPU
	EndGlobalSection
	GlobalSection(ProjectConfigurationPlatforms) = postSolution
		{0B87F138-1020-46D2-BCE0-351AA2247394}.Debug|Any CPU.ActiveCfg = Debug|Any CPU
		{0B87F138-1020-46D2-BCE0-351AA2247394}.Debug|Any CPU.Build.0 = Debug|Any CPU
		{0B87F138-1020-46D2-BCE0-351AA2247394}.Release|Any CPU.ActiveCfg = Release|Any CPU
		{0B87F138-1020-46D2-BCE0-351AA2247394}.Release|Any CPU.Build.0 = Release|Any CPU
		{D0C9ACFD-8A50-4E32-9C8E-39E6ACDE5C0B}.Debug|Any CPU.ActiveCfg = Debug|Any CPU
		{D0C9ACFD-8A50-4E32-9C8E-39E6ACDE5C0B}.Debug|Any CPU.Build.0 = Debug|Any CPU
		{D0C9ACFD-8A50-4E32-9C8E-39E6ACDE5C0B}.Release|Any CPU.ActiveCfg = Release|Any CPU
		{D0C9ACFD-8A50-4E32-9C8E-39E6ACDE5C0B}.Release|Any CPU.Build.0 = Release|Any CPU
		{10F04D43-75C1-4C2C-8A42-B24F50CCA1E2}.Debug|Any CPU.ActiveCfg = Debug|Any CPU
		{10F04D43-75C1-4C2C-8A42-B24F50CCA1E2}.Debug|Any CPU.Build.0 = Debug|Any CPU
		{10F04D43-75C1-4C2C-8A42-B24F50CCA1E2}.Release|Any CPU.ActiveCfg = Release|Any CPU
		{10F04D43-75C1-4C2C-8A42-B24F50CCA1E2}.Release|Any CPU.Build.0 = Release|Any CPU
		{A7207E54-3D17-45A8-9D8F-A088FBAF33E0}.Debug|Any CPU.ActiveCfg = Debug|Any CPU
		{A7207E54-3D17-45A8-9D8F-A088FBAF33E0}.Debug|Any CPU.Build.0 = Debug|Any CPU
		{A7207E54-3D17-45A8-9D8F-A088FBAF33E0}.Release|Any CPU.ActiveCfg = Release|Any CPU
		{A7207E54-3D17-45A8-9D8F-A088FBAF33E0}.Release|Any CPU.Build.0 = Release|Any CPU
		{3D8AF3C2-D80E-4449-A376-976123419042}.Debug|Any CPU.ActiveCfg = Debug|Any CPU
		{3D8AF3C2-D80E-4449-A376-976123419042}.Debug|Any CPU.Build.0 = Debug|Any CPU
		{3D8AF3C2-D80E-4449-A376-976123419042}.Release|Any CPU.ActiveCfg = Release|Any CPU
		{3D8AF3C2-D80E-4449-A376-976123419042}.Release|Any CPU.Build.0 = Release|Any CPU
		{60140C18-2B8E-413F-8D33-607CEAAE6080}.Debug|Any CPU.ActiveCfg = Debug|Any CPU
		{60140C18-2B8E-413F-8D33-607CEAAE6080}.Debug|Any CPU.Build.0 = Debug|Any CPU
		{60140C18-2B8E-413F-8D33-607CEAAE6080}.Release|Any CPU.ActiveCfg = Release|Any CPU
		{60140C18-2B8E-413F-8D33-607CEAAE6080}.Release|Any CPU.Build.0 = Release|Any CPU
		{894EF1F3-FF59-4B1D-912D-CBF0041A1862}.Debug|Any CPU.ActiveCfg = Debug|Any CPU
		{894EF1F3-FF59-4B1D-912D-CBF0041A1862}.Debug|Any CPU.Build.0 = Debug|Any CPU
		{894EF1F3-FF59-4B1D-912D-CBF0041A1862}.Release|Any CPU.ActiveCfg = Release|Any CPU
		{894EF1F3-FF59-4B1D-912D-CBF0041A1862}.Release|Any CPU.Build.0 = Release|Any CPU
		{FB6475D6-7115-4AA1-A92B-CE5359EDEB26}.Debug|Any CPU.ActiveCfg = Debug|Any CPU
		{FB6475D6-7115-4AA1-A92B-CE5359EDEB26}.Debug|Any CPU.Build.0 = Debug|Any CPU
		{FB6475D6-7115-4AA1-A92B-CE5359EDEB26}.Release|Any CPU.ActiveCfg = Release|Any CPU
		{FB6475D6-7115-4AA1-A92B-CE5359EDEB26}.Release|Any CPU.Build.0 = Release|Any CPU
		{45697AAF-42C9-4B96-817A-91B2737590B1}.Debug|Any CPU.ActiveCfg = Debug|Any CPU
		{45697AAF-42C9-4B96-817A-91B2737590B1}.Debug|Any CPU.Build.0 = Debug|Any CPU
		{45697AAF-42C9-4B96-817A-91B2737590B1}.Release|Any CPU.ActiveCfg = Release|Any CPU
		{45697AAF-42C9-4B96-817A-91B2737590B1}.Release|Any CPU.Build.0 = Release|Any CPU
		{98E2720E-E64E-4E57-8CA4-9D01D32260AA}.Debug|Any CPU.ActiveCfg = Debug|Any CPU
		{98E2720E-E64E-4E57-8CA4-9D01D32260AA}.Debug|Any CPU.Build.0 = Debug|Any CPU
		{98E2720E-E64E-4E57-8CA4-9D01D32260AA}.Release|Any CPU.ActiveCfg = Release|Any CPU
		{98E2720E-E64E-4E57-8CA4-9D01D32260AA}.Release|Any CPU.Build.0 = Release|Any CPU
		{6498688C-34FF-49BB-8339-F13C6FFCB7CA}.Debug|Any CPU.ActiveCfg = Debug|Any CPU
		{6498688C-34FF-49BB-8339-F13C6FFCB7CA}.Debug|Any CPU.Build.0 = Debug|Any CPU
		{6498688C-34FF-49BB-8339-F13C6FFCB7CA}.Release|Any CPU.ActiveCfg = Release|Any CPU
		{6498688C-34FF-49BB-8339-F13C6FFCB7CA}.Release|Any CPU.Build.0 = Release|Any CPU
		{8ED91E8F-6D61-4C7B-B064-906111A778F6}.Debug|Any CPU.ActiveCfg = Debug|Any CPU
		{8ED91E8F-6D61-4C7B-B064-906111A778F6}.Debug|Any CPU.Build.0 = Debug|Any CPU
		{8ED91E8F-6D61-4C7B-B064-906111A778F6}.Release|Any CPU.ActiveCfg = Release|Any CPU
		{8ED91E8F-6D61-4C7B-B064-906111A778F6}.Release|Any CPU.Build.0 = Release|Any CPU
		{A09DB3AD-1A5C-435D-83E3-4D53A40E7800}.Debug|Any CPU.ActiveCfg = Debug|Any CPU
		{A09DB3AD-1A5C-435D-83E3-4D53A40E7800}.Debug|Any CPU.Build.0 = Debug|Any CPU
		{A09DB3AD-1A5C-435D-83E3-4D53A40E7800}.Release|Any CPU.ActiveCfg = Release|Any CPU
		{A09DB3AD-1A5C-435D-83E3-4D53A40E7800}.Release|Any CPU.Build.0 = Release|Any CPU
		{E2CBE029-789B-491A-A66A-5752E2CCB6B4}.Debug|Any CPU.ActiveCfg = Debug|Any CPU
		{E2CBE029-789B-491A-A66A-5752E2CCB6B4}.Debug|Any CPU.Build.0 = Debug|Any CPU
		{E2CBE029-789B-491A-A66A-5752E2CCB6B4}.Release|Any CPU.ActiveCfg = Release|Any CPU
		{E2CBE029-789B-491A-A66A-5752E2CCB6B4}.Release|Any CPU.Build.0 = Release|Any CPU
		{B47DB031-276B-4590-AF8A-EDCE2E0CF2B9}.Debug|Any CPU.ActiveCfg = Debug|Any CPU
		{B47DB031-276B-4590-AF8A-EDCE2E0CF2B9}.Debug|Any CPU.Build.0 = Debug|Any CPU
		{B47DB031-276B-4590-AF8A-EDCE2E0CF2B9}.Release|Any CPU.ActiveCfg = Release|Any CPU
		{B47DB031-276B-4590-AF8A-EDCE2E0CF2B9}.Release|Any CPU.Build.0 = Release|Any CPU
		{34B81765-947F-4EDC-BD05-EC8AECDF9A1A}.Debug|Any CPU.ActiveCfg = Debug|Any CPU
		{34B81765-947F-4EDC-BD05-EC8AECDF9A1A}.Debug|Any CPU.Build.0 = Debug|Any CPU
		{34B81765-947F-4EDC-BD05-EC8AECDF9A1A}.Release|Any CPU.ActiveCfg = Release|Any CPU
		{34B81765-947F-4EDC-BD05-EC8AECDF9A1A}.Release|Any CPU.Build.0 = Release|Any CPU
		{7D319E38-75A8-4E5F-9FA9-ECE506899BA4}.Debug|Any CPU.ActiveCfg = Debug|Any CPU
		{7D319E38-75A8-4E5F-9FA9-ECE506899BA4}.Debug|Any CPU.Build.0 = Debug|Any CPU
		{7D319E38-75A8-4E5F-9FA9-ECE506899BA4}.Release|Any CPU.ActiveCfg = Release|Any CPU
		{7D319E38-75A8-4E5F-9FA9-ECE506899BA4}.Release|Any CPU.Build.0 = Release|Any CPU
		{370DF671-0510-49E9-B95F-8DB61CE2E45B}.Debug|Any CPU.ActiveCfg = Debug|Any CPU
		{370DF671-0510-49E9-B95F-8DB61CE2E45B}.Debug|Any CPU.Build.0 = Debug|Any CPU
		{370DF671-0510-49E9-B95F-8DB61CE2E45B}.Release|Any CPU.ActiveCfg = Release|Any CPU
		{370DF671-0510-49E9-B95F-8DB61CE2E45B}.Release|Any CPU.Build.0 = Release|Any CPU
		{D0070502-40E2-47A2-85E6-53A642404A49}.Debug|Any CPU.ActiveCfg = Debug|Any CPU
		{D0070502-40E2-47A2-85E6-53A642404A49}.Debug|Any CPU.Build.0 = Debug|Any CPU
		{D0070502-40E2-47A2-85E6-53A642404A49}.Release|Any CPU.ActiveCfg = Release|Any CPU
		{D0070502-40E2-47A2-85E6-53A642404A49}.Release|Any CPU.Build.0 = Release|Any CPU
		{B244E62B-F6B2-4F76-AE9F-5E2603D914E9}.Debug|Any CPU.ActiveCfg = Debug|Any CPU
		{B244E62B-F6B2-4F76-AE9F-5E2603D914E9}.Debug|Any CPU.Build.0 = Debug|Any CPU
		{B244E62B-F6B2-4F76-AE9F-5E2603D914E9}.Release|Any CPU.ActiveCfg = Release|Any CPU
		{B244E62B-F6B2-4F76-AE9F-5E2603D914E9}.Release|Any CPU.Build.0 = Release|Any CPU
		{627E076D-0B5C-4D1F-BE5A-B1E836C5A639}.Debug|Any CPU.ActiveCfg = Debug|Any CPU
		{627E076D-0B5C-4D1F-BE5A-B1E836C5A639}.Debug|Any CPU.Build.0 = Debug|Any CPU
		{627E076D-0B5C-4D1F-BE5A-B1E836C5A639}.Release|Any CPU.ActiveCfg = Release|Any CPU
		{627E076D-0B5C-4D1F-BE5A-B1E836C5A639}.Release|Any CPU.Build.0 = Release|Any CPU
		{1E03C1D3-0EA6-4405-B6A9-A2D440668ED9}.Debug|Any CPU.ActiveCfg = Debug|Any CPU
		{1E03C1D3-0EA6-4405-B6A9-A2D440668ED9}.Debug|Any CPU.Build.0 = Debug|Any CPU
		{1E03C1D3-0EA6-4405-B6A9-A2D440668ED9}.Release|Any CPU.ActiveCfg = Release|Any CPU
		{1E03C1D3-0EA6-4405-B6A9-A2D440668ED9}.Release|Any CPU.Build.0 = Release|Any CPU
		{DC99414C-5E0B-4972-9B0B-E9E1F648A2E8}.Debug|Any CPU.ActiveCfg = Debug|Any CPU
		{DC99414C-5E0B-4972-9B0B-E9E1F648A2E8}.Debug|Any CPU.Build.0 = Debug|Any CPU
		{DC99414C-5E0B-4972-9B0B-E9E1F648A2E8}.Release|Any CPU.ActiveCfg = Release|Any CPU
		{DC99414C-5E0B-4972-9B0B-E9E1F648A2E8}.Release|Any CPU.Build.0 = Release|Any CPU
	EndGlobalSection
	GlobalSection(SolutionProperties) = preSolution
		HideSolutionNode = FALSE
	EndGlobalSection
	GlobalSection(NestedProjects) = preSolution
		{D0C9ACFD-8A50-4E32-9C8E-39E6ACDE5C0B} = {22C06DCE-B0AC-4DDC-8E2A-E9C2DC921E38}
		{10F04D43-75C1-4C2C-8A42-B24F50CCA1E2} = {22C06DCE-B0AC-4DDC-8E2A-E9C2DC921E38}
		{A7207E54-3D17-45A8-9D8F-A088FBAF33E0} = {22C06DCE-B0AC-4DDC-8E2A-E9C2DC921E38}
		{3D8AF3C2-D80E-4449-A376-976123419042} = {22C06DCE-B0AC-4DDC-8E2A-E9C2DC921E38}
		{60140C18-2B8E-413F-8D33-607CEAAE6080} = {4A17BBD9-80A0-4360-BA42-EEA3298E64CC}
		{894EF1F3-FF59-4B1D-912D-CBF0041A1862} = {4A17BBD9-80A0-4360-BA42-EEA3298E64CC}
		{FB6475D6-7115-4AA1-A92B-CE5359EDEB26} = {4A17BBD9-80A0-4360-BA42-EEA3298E64CC}
		{45697AAF-42C9-4B96-817A-91B2737590B1} = {4A17BBD9-80A0-4360-BA42-EEA3298E64CC}
		{98E2720E-E64E-4E57-8CA4-9D01D32260AA} = {4A17BBD9-80A0-4360-BA42-EEA3298E64CC}
		{6498688C-34FF-49BB-8339-F13C6FFCB7CA} = {4A17BBD9-80A0-4360-BA42-EEA3298E64CC}
		{8ED91E8F-6D61-4C7B-B064-906111A778F6} = {4A17BBD9-80A0-4360-BA42-EEA3298E64CC}
		{A09DB3AD-1A5C-435D-83E3-4D53A40E7800} = {2472262D-2795-4D98-AFC7-044886959523}
		{E2CBE029-789B-491A-A66A-5752E2CCB6B4} = {2472262D-2795-4D98-AFC7-044886959523}
		{B47DB031-276B-4590-AF8A-EDCE2E0CF2B9} = {2472262D-2795-4D98-AFC7-044886959523}
		{34B81765-947F-4EDC-BD05-EC8AECDF9A1A} = {2472262D-2795-4D98-AFC7-044886959523}
		{7D319E38-75A8-4E5F-9FA9-ECE506899BA4} = {2472262D-2795-4D98-AFC7-044886959523}
		{370DF671-0510-49E9-B95F-8DB61CE2E45B} = {2472262D-2795-4D98-AFC7-044886959523}
		{D0070502-40E2-47A2-85E6-53A642404A49} = {2472262D-2795-4D98-AFC7-044886959523}
		{B244E62B-F6B2-4F76-AE9F-5E2603D914E9} = {2472262D-2795-4D98-AFC7-044886959523}
		{627E076D-0B5C-4D1F-BE5A-B1E836C5A639} = {2472262D-2795-4D98-AFC7-044886959523}
		{1E03C1D3-0EA6-4405-B6A9-A2D440668ED9} = {2472262D-2795-4D98-AFC7-044886959523}
		{DC99414C-5E0B-4972-9B0B-E9E1F648A2E8} = {2472262D-2795-4D98-AFC7-044886959523}
	EndGlobalSection
	GlobalSection(ExtensibilityGlobals) = postSolution
		SolutionGuid = {0521006E-B402-4EC3-B0A9-45E8AF3E5E8C}
	EndGlobalSection
EndGlobal
